
Microsoft Visual Studio Solution File, Format Version 12.00
# Visual Studio Version 17
VisualStudioVersion = 17.0.31903.59
MinimumVisualStudioVersion = 10.0.40219.1
Project("{2150E333-8FDC-42A3-9474-1A3956D46DE8}") = "src", "src", "{F3D1857F-8C95-41AA-AE01-04C620255057}"
EndProject
Project("{FAE04EC0-301F-11D3-BF4B-00C04F79EFBC}") = "Adamechanics.Codegen.Core", "src\Adamechanics.Codegen.Core\Adamechanics.Codegen.Core.csproj", "{95A38D49-6F6B-4DB0-A0A1-310511E22117}"
EndProject
Project("{FAE04EC0-301F-11D3-BF4B-00C04F79EFBC}") = "Adamechanics.Codegen.Sql", "src\Adamechanics.Codegen.Sql\Adamechanics.Codegen.Sql.csproj", "{09CC20DA-D9C2-4F68-91D2-6802162D7481}"
EndProject
Global
	GlobalSection(SolutionConfigurationPlatforms) = preSolution
		Debug|Any CPU = Debug|Any CPU
		Release|Any CPU = Release|Any CPU
	EndGlobalSection
	GlobalSection(SolutionProperties) = preSolution
		HideSolutionNode = FALSE
	EndGlobalSection
	GlobalSection(ProjectConfigurationPlatforms) = postSolution
		{95A38D49-6F6B-4DB0-A0A1-310511E22117}.Debug|Any CPU.ActiveCfg = Debug|Any CPU
		{95A38D49-6F6B-4DB0-A0A1-310511E22117}.Debug|Any CPU.Build.0 = Debug|Any CPU
		{95A38D49-6F6B-4DB0-A0A1-310511E22117}.Release|Any CPU.ActiveCfg = Release|Any CPU
		{95A38D49-6F6B-4DB0-A0A1-310511E22117}.Release|Any CPU.Build.0 = Release|Any CPU
		{09CC20DA-D9C2-4F68-91D2-6802162D7481}.Debug|Any CPU.ActiveCfg = Debug|Any CPU
		{09CC20DA-D9C2-4F68-91D2-6802162D7481}.Debug|Any CPU.Build.0 = Debug|Any CPU
		{09CC20DA-D9C2-4F68-91D2-6802162D7481}.Release|Any CPU.ActiveCfg = Release|Any CPU
		{09CC20DA-D9C2-4F68-91D2-6802162D7481}.Release|Any CPU.Build.0 = Release|Any CPU
	EndGlobalSection
	GlobalSection(NestedProjects) = preSolution
		{95A38D49-6F6B-4DB0-A0A1-310511E22117} = {F3D1857F-8C95-41AA-AE01-04C620255057}
		{09CC20DA-D9C2-4F68-91D2-6802162D7481} = {F3D1857F-8C95-41AA-AE01-04C620255057}
	EndGlobalSection
EndGlobal
